
Microsoft Visual Studio Solution File, Format Version 12.00
# Visual Studio Version 17
VisualStudioVersion = 17.14.36401.2 d17.14
MinimumVisualStudioVersion = 10.0.40219.1
Project("{FAE04EC0-301F-11D3-BF4B-00C04F79EFBC}") = "Training_BE", "Training_BE\Training_BE.csproj", "{CED2C427-E28E-4006-8C69-F2684FB7B2F9}"
EndProject
Global
	GlobalSection(SolutionConfigurationPlatforms) = preSolution
		Debug|Any CPU = Debug|Any CPU
		Release|Any CPU = Release|Any CPU
	EndGlobalSection
	GlobalSection(ProjectConfigurationPlatforms) = postSolution
		{CED2C427-E28E-4006-8C69-F2684FB7B2F9}.Debug|Any CPU.ActiveCfg = Debug|Any CPU
		{CED2C427-E28E-4006-8C69-F2684FB7B2F9}.Debug|Any CPU.Build.0 = Debug|Any CPU
		{CED2C427-E28E-4006-8C69-F2684FB7B2F9}.Release|Any CPU.ActiveCfg = Release|Any CPU
		{CED2C427-E28E-4006-8C69-F2684FB7B2F9}.Release|Any CPU.Build.0 = Release|Any CPU
	EndGlobalSection
	GlobalSection(SolutionProperties) = preSolution
		HideSolutionNode = FALSE
	EndGlobalSection
	GlobalSection(ExtensibilityGlobals) = postSolution
		SolutionGuid = {57870234-A993-4E62-BA55-A90DCB142D9C}
	EndGlobalSection
EndGlobal
